
Microsoft Visual Studio Solution File, Format Version 12.00
# Visual Studio Version 16
VisualStudioVersion = 16.0.31105.61
MinimumVisualStudioVersion = 10.0.40219.1
Project("{FAE04EC0-301F-11D3-BF4B-00C04F79EFBC}") = "FaceDetector.OpenCvSharp", "FaceDetector.OpenCvSharp\FaceDetector.OpenCvSharp.csproj", "{57893E11-B381-401F-9D69-86354E2DA511}"
EndProject
Project("{FAE04EC0-301F-11D3-BF4B-00C04F79EFBC}") = "XIsom.BigWatcher.FaceDetection", "XIsom.BigWatcher.Facefetection\XIsom.BigWatcher.FaceDetection.csproj", "{A89F4EBD-EC70-4C53-9CD0-CC70594E06E9}"
EndProject
Project("{FAE04EC0-301F-11D3-BF4B-00C04F79EFBC}") = "ThreadWorker", "ThreadWorker\ThreadWorker.csproj", "{2F6447D7-1AEF-4A80-BAD2-55D4315A3047}"
EndProject
Project("{FAE04EC0-301F-11D3-BF4B-00C04F79EFBC}") = "HDF5Processor", "HDF5Processor\HDF5Processor.csproj", "{CDD7B0F3-556C-4DEE-91F2-3A7AFBA9FA76}"
EndProject
Project("{FAE04EC0-301F-11D3-BF4B-00C04F79EFBC}") = "TensorflowTests", "TensorflowTests\TensorflowTests.csproj", "{2942DA84-544E-4F7A-92E2-91760EA94BA6}"
EndProject
Project("{FAE04EC0-301F-11D3-BF4B-00C04F79EFBC}") = "OtherTests", "OtherTests\OtherTests.csproj", "{0260F96F-300F-4E3E-8ECE-0E7AB5D93108}"
EndProject
Global
	GlobalSection(SolutionConfigurationPlatforms) = preSolution
		Debug|Any CPU = Debug|Any CPU
		Debug|x64 = Debug|x64
		Release|Any CPU = Release|Any CPU
		Release|x64 = Release|x64
	EndGlobalSection
	GlobalSection(ProjectConfigurationPlatforms) = postSolution
		{57893E11-B381-401F-9D69-86354E2DA511}.Debug|Any CPU.ActiveCfg = Debug|Any CPU
		{57893E11-B381-401F-9D69-86354E2DA511}.Debug|Any CPU.Build.0 = Debug|Any CPU
		{57893E11-B381-401F-9D69-86354E2DA511}.Debug|x64.ActiveCfg = Debug|Any CPU
		{57893E11-B381-401F-9D69-86354E2DA511}.Debug|x64.Build.0 = Debug|Any CPU
		{57893E11-B381-401F-9D69-86354E2DA511}.Release|Any CPU.ActiveCfg = Release|Any CPU
		{57893E11-B381-401F-9D69-86354E2DA511}.Release|Any CPU.Build.0 = Release|Any CPU
		{57893E11-B381-401F-9D69-86354E2DA511}.Release|x64.ActiveCfg = Release|Any CPU
		{57893E11-B381-401F-9D69-86354E2DA511}.Release|x64.Build.0 = Release|Any CPU
		{A89F4EBD-EC70-4C53-9CD0-CC70594E06E9}.Debug|Any CPU.ActiveCfg = Debug|Any CPU
		{A89F4EBD-EC70-4C53-9CD0-CC70594E06E9}.Debug|Any CPU.Build.0 = Debug|Any CPU
		{A89F4EBD-EC70-4C53-9CD0-CC70594E06E9}.Debug|x64.ActiveCfg = Debug|Any CPU
		{A89F4EBD-EC70-4C53-9CD0-CC70594E06E9}.Debug|x64.Build.0 = Debug|Any CPU
		{A89F4EBD-EC70-4C53-9CD0-CC70594E06E9}.Release|Any CPU.ActiveCfg = Release|Any CPU
		{A89F4EBD-EC70-4C53-9CD0-CC70594E06E9}.Release|Any CPU.Build.0 = Release|Any CPU
		{A89F4EBD-EC70-4C53-9CD0-CC70594E06E9}.Release|x64.ActiveCfg = Release|Any CPU
		{A89F4EBD-EC70-4C53-9CD0-CC70594E06E9}.Release|x64.Build.0 = Release|Any CPU
		{2F6447D7-1AEF-4A80-BAD2-55D4315A3047}.Debug|Any CPU.ActiveCfg = Debug|Any CPU
		{2F6447D7-1AEF-4A80-BAD2-55D4315A3047}.Debug|Any CPU.Build.0 = Debug|Any CPU
		{2F6447D7-1AEF-4A80-BAD2-55D4315A3047}.Debug|x64.ActiveCfg = Debug|Any CPU
		{2F6447D7-1AEF-4A80-BAD2-55D4315A3047}.Debug|x64.Build.0 = Debug|Any CPU
		{2F6447D7-1AEF-4A80-BAD2-55D4315A3047}.Release|Any CPU.ActiveCfg = Release|Any CPU
		{2F6447D7-1AEF-4A80-BAD2-55D4315A3047}.Release|Any CPU.Build.0 = Release|Any CPU
		{2F6447D7-1AEF-4A80-BAD2-55D4315A3047}.Release|x64.ActiveCfg = Release|Any CPU
		{2F6447D7-1AEF-4A80-BAD2-55D4315A3047}.Release|x64.Build.0 = Release|Any CPU
		{CDD7B0F3-556C-4DEE-91F2-3A7AFBA9FA76}.Debug|Any CPU.ActiveCfg = Debug|Any CPU
		{CDD7B0F3-556C-4DEE-91F2-3A7AFBA9FA76}.Debug|Any CPU.Build.0 = Debug|Any CPU
		{CDD7B0F3-556C-4DEE-91F2-3A7AFBA9FA76}.Debug|x64.ActiveCfg = Debug|Any CPU
		{CDD7B0F3-556C-4DEE-91F2-3A7AFBA9FA76}.Debug|x64.Build.0 = Debug|Any CPU
		{CDD7B0F3-556C-4DEE-91F2-3A7AFBA9FA76}.Release|Any CPU.ActiveCfg = Release|Any CPU
		{CDD7B0F3-556C-4DEE-91F2-3A7AFBA9FA76}.Release|Any CPU.Build.0 = Release|Any CPU
		{CDD7B0F3-556C-4DEE-91F2-3A7AFBA9FA76}.Release|x64.ActiveCfg = Release|Any CPU
		{CDD7B0F3-556C-4DEE-91F2-3A7AFBA9FA76}.Release|x64.Build.0 = Release|Any CPU
		{2942DA84-544E-4F7A-92E2-91760EA94BA6}.Debug|Any CPU.ActiveCfg = Debug|Any CPU
		{2942DA84-544E-4F7A-92E2-91760EA94BA6}.Debug|Any CPU.Build.0 = Debug|Any CPU
		{2942DA84-544E-4F7A-92E2-91760EA94BA6}.Debug|x64.ActiveCfg = Debug|x64
		{2942DA84-544E-4F7A-92E2-91760EA94BA6}.Debug|x64.Build.0 = Debug|x64
		{2942DA84-544E-4F7A-92E2-91760EA94BA6}.Release|Any CPU.ActiveCfg = Release|Any CPU
		{2942DA84-544E-4F7A-92E2-91760EA94BA6}.Release|Any CPU.Build.0 = Release|Any CPU
		{2942DA84-544E-4F7A-92E2-91760EA94BA6}.Release|x64.ActiveCfg = Release|x64
		{2942DA84-544E-4F7A-92E2-91760EA94BA6}.Release|x64.Build.0 = Release|x64
		{0260F96F-300F-4E3E-8ECE-0E7AB5D93108}.Debug|Any CPU.ActiveCfg = Debug|Any CPU
		{0260F96F-300F-4E3E-8ECE-0E7AB5D93108}.Debug|Any CPU.Build.0 = Debug|Any CPU
		{0260F96F-300F-4E3E-8ECE-0E7AB5D93108}.Debug|x64.ActiveCfg = Debug|Any CPU
		{0260F96F-300F-4E3E-8ECE-0E7AB5D93108}.Debug|x64.Build.0 = Debug|Any CPU
		{0260F96F-300F-4E3E-8ECE-0E7AB5D93108}.Release|Any CPU.ActiveCfg = Release|Any CPU
		{0260F96F-300F-4E3E-8ECE-0E7AB5D93108}.Release|Any CPU.Build.0 = Release|Any CPU
		{0260F96F-300F-4E3E-8ECE-0E7AB5D93108}.Release|x64.ActiveCfg = Release|Any CPU
		{0260F96F-300F-4E3E-8ECE-0E7AB5D93108}.Release|x64.Build.0 = Release|Any CPU
	EndGlobalSection
	GlobalSection(SolutionProperties) = preSolution
		HideSolutionNode = FALSE
	EndGlobalSection
	GlobalSection(ExtensibilityGlobals) = postSolution
		SolutionGuid = {567313EB-69BB-4A5E-83BD-C429385A7648}
	EndGlobalSection
EndGlobal
